# THIS IS AN AUTOGENERATED FILE. DO NOT EDIT THIS FILE DIRECTLY.
# yarn lockfile v1


"@prisma/client@^4.11.0":
  version "4.11.0"
  resolved "https://registry.yarnpkg.com/@prisma/client/-/client-4.11.0.tgz#41d5664dea4172c954190a432f70b86d3e2e629b"
  integrity sha512-0INHYkQIqgAjrt7NzhYpeDQi8x3Nvylc2uDngKyFDDj1tTRQ4uV1HnVmd1sQEraeVAN63SOK0dgCKQHlvjL0KA==
  dependencies:
    "@prisma/engines-version" "4.11.0-57.8fde8fef4033376662cad983758335009d522acb"

"@prisma/engines-version@4.11.0-57.8fde8fef4033376662cad983758335009d522acb":
  version "4.11.0-57.8fde8fef4033376662cad983758335009d522acb"
  resolved "https://registry.yarnpkg.com/@prisma/engines-version/-/engines-version-4.11.0-57.8fde8fef4033376662cad983758335009d522acb.tgz#74af5ff56170c78e93ce46c56510160f58cd3c01"
  integrity sha512-3Vd8Qq06d5xD8Ch5WauWcUUrsVPdMC6Ge8ILji8RFfyhUpqon6qSyGM0apvr1O8n8qH8cKkEFqRPsYjuz5r83g==

"@prisma/engines@4.11.0":
  version "4.11.0"
  resolved "https://registry.yarnpkg.com/@prisma/engines/-/engines-4.11.0.tgz#c99749bfe20f58e8f4d2b5e04fee0785eba440e1"
  integrity sha512-0AEBi2HXGV02cf6ASsBPhfsVIbVSDC9nbQed4iiY5eHttW9ZtMxHThuKZE1pnESbr8HRdgmFSa/Kn4OSNYuibg==

"@types/node@^18.15.10":
  version "18.15.10"
  resolved "https://registry.yarnpkg.com/@types/node/-/node-18.15.10.tgz#4ee2171c3306a185d1208dad5f44dae3dee4cfe3"
  integrity sha512-9avDaQJczATcXgfmMAW3MIWArOO7A+m90vuCFLr8AotWf8igO/mRoYukrk2cqZVtv38tHs33retzHEilM7FpeQ==

cross-spawn@^7.0.3:
  version "7.0.3"
  resolved "https://registry.yarnpkg.com/cross-spawn/-/cross-spawn-7.0.3.tgz#f73a85b9d5d41d045551c177e2882d4ac85728a6"
  integrity sha512-iRDPJKUPVEND7dHPO8rkbOnPpyDygcDFtWjpeWNCgy8WP2rXcxXL8TskReQl6OrB2G7+UJrags1q15Fudc7G6w==
  dependencies:
    path-key "^3.1.0"
    shebang-command "^2.0.0"
    which "^2.0.1"

dotenv-cli@^7.1.0:
  version "7.1.0"
  resolved "https://registry.yarnpkg.com/dotenv-cli/-/dotenv-cli-7.1.0.tgz#9ff360f7d1de72389027d4d9e9deccb0ef151c5e"
  integrity sha512-motytjZFQB3ZtGTIN4c0vnFgv4kuNZ2WxVnGY6PVFiygCzkm3IFBBguDUzezd9HgNA0OYYd6vNCWlozs0Q1Zxg==
  dependencies:
    cross-spawn "^7.0.3"
    dotenv "^16.0.0"
    dotenv-expand "^10.0.0"
    minimist "^1.2.6"

dotenv-expand@^10.0.0:
  version "10.0.0"
  resolved "https://registry.yarnpkg.com/dotenv-expand/-/dotenv-expand-10.0.0.tgz#12605d00fb0af6d0a592e6558585784032e4ef37"
  integrity sha512-GopVGCpVS1UKH75VKHGuQFqS1Gusej0z4FyQkPdwjil2gNIv+LNsqBlboOzpJFZKVT95GkCyWJbBSdFEFUWI2A==

dotenv@^16.0.0:
  version "16.0.3"
  resolved "https://registry.yarnpkg.com/dotenv/-/dotenv-16.0.3.tgz#115aec42bac5053db3c456db30cc243a5a836a07"
  integrity sha512-7GO6HghkA5fYG9TYnNxi14/7K9f5occMlp3zXAuSxn7CKCxt9xbNWG7yF8hTCSUchlfWSe3uLmlPfigevRItzQ==

isexe@^2.0.0:
  version "2.0.0"
  resolved "https://registry.yarnpkg.com/isexe/-/isexe-2.0.0.tgz#e8fbf374dc556ff8947a10dcb0572d633f2cfa10"
  integrity sha512-RHxMLp9lnKHGHRng9QFhRCMbYAcVpn69smSGcq3f36xjgVVWThj4qqLbTLlq7Ssj8B+fIQ1EuCEGI2lKsyQeIw==

minimist@^1.2.6:
  version "1.2.8"
  resolved "https://registry.yarnpkg.com/minimist/-/minimist-1.2.8.tgz#c1a464e7693302e082a075cee0c057741ac4772c"
  integrity sha512-2yyAR8qBkN3YuheJanUpWC5U3bb5osDywNB8RzDVlDwDHbocAJveqqj1u8+SVD7jkWT4yvsHCpWqqWqAxb0zCA==

path-key@^3.1.0:
  version "3.1.1"
  resolved "https://registry.yarnpkg.com/path-key/-/path-key-3.1.1.tgz#581f6ade658cbba65a0d3380de7753295054f375"
  integrity sha512-ojmeN0qd+y0jszEtoY48r0Peq5dwMEkIlCOu6Q5f41lfkswXuKtYrhgoTpLnyIcHm24Uhqx+5Tqm2InSwLhE6Q==

prisma@^4.11.0:
  version "4.11.0"
  resolved "https://registry.yarnpkg.com/prisma/-/prisma-4.11.0.tgz#9695ba4129a43eab3e76b5f7a033c6c020377725"
  integrity sha512-4zZmBXssPUEiX+GeL0MUq/Yyie4ltiKmGu7jCJFnYMamNrrulTBc+D+QwAQSJ01tyzeGHlD13kOnqPwRipnlNw==
  dependencies:
    "@prisma/engines" "4.11.0"

shebang-command@^2.0.0:
  version "2.0.0"
  resolved "https://registry.yarnpkg.com/shebang-command/-/shebang-command-2.0.0.tgz#ccd0af4f8835fbdc265b82461aaf0c36663f34ea"
  integrity sha512-kHxr2zZpYtdmrN1qDjrrX/Z1rR1kG8Dx+gkpK1G4eXmvXswmcE1hTWBWYUzlraYw1/yZp6YuDY77YtvbN0dmDA==
  dependencies:
    shebang-regex "^3.0.0"

shebang-regex@^3.0.0:
  version "3.0.0"
  resolved "https://registry.yarnpkg.com/shebang-regex/-/shebang-regex-3.0.0.tgz#ae16f1644d873ecad843b0307b143362d4c42172"
  integrity sha512-7++dFhtcx3353uBaq8DDR4NuxBetBzC7ZQOhmTQInHEd6bSrXdiEyzCvG07Z44UYdLShWUyXt5M/yhz8ekcb1A==

typescript@^5.0.2:
  version "5.0.2"
  resolved "https://registry.yarnpkg.com/typescript/-/typescript-5.0.2.tgz#891e1a90c5189d8506af64b9ef929fca99ba1ee5"
  integrity sha512-wVORMBGO/FAs/++blGNeAVdbNKtIh1rbBL2EyQ1+J9lClJ93KiiKe8PmFIVdXhHcyv44SL9oglmfeSsndo0jRw==

which@^2.0.1:
  version "2.0.2"
  resolved "https://registry.yarnpkg.com/which/-/which-2.0.2.tgz#7c6a8dd0a636a0327e10b59c9286eee93f3f51b1"
  integrity sha512-BLI3Tl1TW3Pvl70l3yq3Y64i+awpwXqsGBYWkkqMtnbXgrMD+yj7rhW0kuEDxzJaYXGjEW5ogapKNMEKNMjibA==
  dependencies:
    isexe "^2.0.0"
